// !$*UTF8*$!
{
	archiveVersion = 1;
	classes = {
	};
	objectVersion = 46;
	objects = {

/* Begin PBXBuildFile section */
		38C543291F5A1C5D00216015 /* AppDelegate.swift in Sources */ = {isa = PBXBuildFile; fileRef = 38C543281F5A1C5D00216015 /* AppDelegate.swift */; };
		38C5432B1F5A1C5D00216015 /* ViewController.swift in Sources */ = {isa = PBXBuildFile; fileRef = 38C5432A1F5A1C5D00216015 /* ViewController.swift */; };
		38C5432E1F5A1C5D00216015 /* Main.storyboard in Resources */ = {isa = PBXBuildFile; fileRef = 38C5432C1F5A1C5D00216015 /* Main.storyboard */; };
		38C543301F5A1C5D00216015 /* Assets.xcassets in Resources */ = {isa = PBXBuildFile; fileRef = 38C5432F1F5A1C5D00216015 /* Assets.xcassets */; };
		38C543331F5A1C5D00216015 /* LaunchScreen.storyboard in Resources */ = {isa = PBXBuildFile; fileRef = 38C543311F5A1C5D00216015 /* LaunchScreen.storyboard */; };
		38C5433E1F5A1C5D00216015 /* techSession_1Tests.swift in Sources */ = {isa = PBXBuildFile; fileRef = 38C5433D1F5A1C5D00216015 /* techSession_1Tests.swift */; };
		38C543491F5A1C5D00216015 /* techSession_1UITests.swift in Sources */ = {isa = PBXBuildFile; fileRef = 38C543481F5A1C5D00216015 /* techSession_1UITests.swift */; };
		38C543591F5A23B700216015 /* GI GI.jpg in Resources */ = {isa = PBXBuildFile; fileRef = 38C543581F5A23B700216015 /* GI GI.jpg */; };
		38C5435B1F5A29A400216015 /* GI1.jpg in Resources */ = {isa = PBXBuildFile; fileRef = 38C5435A1F5A29A400216015 /* GI1.jpg */; };
		38C5435D1F5A29A800216015 /* GI2.jpg in Resources */ = {isa = PBXBuildFile; fileRef = 38C5435C1F5A29A800216015 /* GI2.jpg */; };
/* End PBXBuildFile section */

/* Begin PBXContainerItemProxy section */
		38C5433A1F5A1C5D00216015 /* PBXContainerItemProxy */ = {
			isa = PBXContainerItemProxy;
			containerPortal = 38C5431D1F5A1C5D00216015 /* Project object */;
			proxyType = 1;
			remoteGlobalIDString = 38C543241F5A1C5D00216015;
			remoteInfo = "techSession-1";
		};
		38C543451F5A1C5D00216015 /* PBXContainerItemProxy */ = {
			isa = PBXContainerItemProxy;
			containerPortal = 38C5431D1F5A1C5D00216015 /* Project object */;
			proxyType = 1;
			remoteGlobalIDString = 38C543241F5A1C5D00216015;
			remoteInfo = "techSession-1";
		};
/* End PBXContainerItemProxy section */

/* Begin PBXFileReference section */
		38C543251F5A1C5D00216015 /* techSession-1.app */ = {isa = PBXFileReference; explicitFileType = wrapper.application; includeInIndex = 0; path = "techSession-1.app"; sourceTree = BUILT_PRODUCTS_DIR; };
		38C543281F5A1C5D00216015 /* AppDelegate.swift */ = {isa = PBXFileReference; lastKnownFileType = sourcecode.swift; path = AppDelegate.swift; sourceTree = "<group>"; };
		38C5432A1F5A1C5D00216015 /* ViewController.swift */ = {isa = PBXFileReference; lastKnownFileType = sourcecode.swift; path = ViewController.swift; sourceTree = "<group>"; };
		38C5432D1F5A1C5D00216015 /* Base */ = {isa = PBXFileReference; lastKnownFileType = file.storyboard; name = Base; path = Base.lproj/Main.storyboard; sourceTree = "<group>"; };
		38C5432F1F5A1C5D00216015 /* Assets.xcassets */ = {isa = PBXFileReference; lastKnownFileType = folder.assetcatalog; path = Assets.xcassets; sourceTree = "<group>"; };
		38C543321F5A1C5D00216015 /* Base */ = {isa = PBXFileReference; lastKnownFileType = file.storyboard; name = Base; path = Base.lproj/LaunchScreen.storyboard; sourceTree = "<group>"; };
		38C543341F5A1C5D00216015 /* Info.plist */ = {isa = PBXFileReference; lastKnownFileType = text.plist.xml; path = Info.plist; sourceTree = "<group>"; };
		38C543391F5A1C5D00216015 /* techSession-1Tests.xctest */ = {isa = PBXFileReference; explicitFileType = wrapper.cfbundle; includeInIndex = 0; path = "techSession-1Tests.xctest"; sourceTree = BUILT_PRODUCTS_DIR; };
		38C5433D1F5A1C5D00216015 /* techSession_1Tests.swift */ = {isa = PBXFileReference; lastKnownFileType = sourcecode.swift; path = techSession_1Tests.swift; sourceTree = "<group>"; };
		38C5433F1F5A1C5D00216015 /* Info.plist */ = {isa = PBXFileReference; lastKnownFileType = text.plist.xml; path = Info.plist; sourceTree = "<group>"; };
		38C543441F5A1C5D00216015 /* techSession-1UITests.xctest */ = {isa = PBXFileReference; explicitFileType = wrapper.cfbundle; includeInIndex = 0; path = "techSession-1UITests.xctest"; sourceTree = BUILT_PRODUCTS_DIR; };
		38C543481F5A1C5D00216015 /* techSession_1UITests.swift */ = {isa = PBXFileReference; lastKnownFileType = sourcecode.swift; path = techSession_1UITests.swift; sourceTree = "<group>"; };
		38C5434A1F5A1C5D00216015 /* Info.plist */ = {isa = PBXFileReference; lastKnownFileType = text.plist.xml; path = Info.plist; sourceTree = "<group>"; };
		38C543581F5A23B700216015 /* GI GI.jpg */ = {isa = PBXFileReference; lastKnownFileType = image.jpeg; name = "GI GI.jpg"; path = "../../GI GI.jpg"; sourceTree = "<group>"; };
		38C5435A1F5A29A400216015 /* GI1.jpg */ = {isa = PBXFileReference; lastKnownFileType = image.jpeg; name = GI1.jpg; path = ../../GI1.jpg; sourceTree = "<group>"; };
		38C5435C1F5A29A800216015 /* GI2.jpg */ = {isa = PBXFileReference; lastKnownFileType = image.jpeg; name = GI2.jpg; path = ../../GI2.jpg; sourceTree = "<group>"; };
/* End PBXFileReference section */

/* Begin PBXFrameworksBuildPhase section */
		38C543221F5A1C5D00216015 /* Frameworks */ = {
			isa = PBXFrameworksBuildPhase;
			buildActionMask = 2147483647;
			files = (
			);
			runOnlyForDeploymentPostprocessing = 0;
		};
		38C543361F5A1C5D00216015 /* Frameworks */ = {
			isa = PBXFrameworksBuildPhase;
			buildActionMask = 2147483647;
			files = (
			);
			runOnlyForDeploymentPostprocessing = 0;
		};
		38C543411F5A1C5D00216015 /* Frameworks */ = {
			isa = PBXFrameworksBuildPhase;
			buildActionMask = 2147483647;
			files = (
			);
			runOnlyForDeploymentPostprocessing = 0;
		};
/* End PBXFrameworksBuildPhase section */

/* Begin PBXGroup section */
		38C5431C1F5A1C5D00216015 = {
			isa = PBXGroup;
			children = (
				38C543271F5A1C5D00216015 /* techSession-1 */,
				38C5433C1F5A1C5D00216015 /* techSession-1Tests */,
				38C543471F5A1C5D00216015 /* techSession-1UITests */,
				38C543261F5A1C5D00216015 /* Products */,
			);
			sourceTree = "<group>";
		};
		38C543261F5A1C5D00216015 /* Products */ = {
			isa = PBXGroup;
			children = (
				38C543251F5A1C5D00216015 /* techSession-1.app */,
				38C543391F5A1C5D00216015 /* techSession-1Tests.xctest */,
				38C543441F5A1C5D00216015 /* techSession-1UITests.xctest */,
			);
			name = Products;
			sourceTree = "<group>";
		};
		38C543271F5A1C5D00216015 /* techSession-1 */ = {
			isa = PBXGroup;
			children = (
				38C543281F5A1C5D00216015 /* AppDelegate.swift */,
				38C543581F5A23B700216015 /* GI GI.jpg */,
				38C5432A1F5A1C5D00216015 /* ViewController.swift */,
				38C5435A1F5A29A400216015 /* GI1.jpg */,
				38C5435C1F5A29A800216015 /* GI2.jpg */,
				38C5432C1F5A1C5D00216015 /* Main.storyboard */,
				38C5432F1F5A1C5D00216015 /* Assets.xcassets */,
				38C543311F5A1C5D00216015 /* LaunchScreen.storyboard */,
				38C543341F5A1C5D00216015 /* Info.plist */,
			);
			path = "techSession-1";
			sourceTree = "<group>";
		};
		38C5433C1F5A1C5D00216015 /* techSession-1Tests */ = {
			isa = PBXGroup;
			children = (
				38C5433D1F5A1C5D00216015 /* techSession_1Tests.swift */,
				38C5433F1F5A1C5D00216015 /* Info.plist */,
			);
			path = "techSession-1Tests";
			sourceTree = "<group>";
		};
		38C543471F5A1C5D00216015 /* techSession-1UITests */ = {
			isa = PBXGroup;
			children = (
				38C543481F5A1C5D00216015 /* techSession_1UITests.swift */,
				38C5434A1F5A1C5D00216015 /* Info.plist */,
			);
			path = "techSession-1UITests";
			sourceTree = "<group>";
		};
/* End PBXGroup section */

/* Begin PBXNativeTarget section */
		38C543241F5A1C5D00216015 /* techSession-1 */ = {
			isa = PBXNativeTarget;
			buildConfigurationList = 38C5434D1F5A1C5D00216015 /* Build configuration list for PBXNativeTarget "techSession-1" */;
			buildPhases = (
				38C543211F5A1C5D00216015 /* Sources */,
				38C543221F5A1C5D00216015 /* Frameworks */,
				38C543231F5A1C5D00216015 /* Resources */,
			);
			buildRules = (
			);
			dependencies = (
			);
			name = "techSession-1";
			productName = "techSession-1";
			productReference = 38C543251F5A1C5D00216015 /* techSession-1.app */;
			productType = "com.apple.product-type.application";
		};
		38C543381F5A1C5D00216015 /* techSession-1Tests */ = {
			isa = PBXNativeTarget;
			buildConfigurationList = 38C543501F5A1C5D00216015 /* Build configuration list for PBXNativeTarget "techSession-1Tests" */;
			buildPhases = (
				38C543351F5A1C5D00216015 /* Sources */,
				38C543361F5A1C5D00216015 /* Frameworks */,
				38C543371F5A1C5D00216015 /* Resources */,
			);
			buildRules = (
			);
			dependencies = (
				38C5433B1F5A1C5D00216015 /* PBXTargetDependency */,
			);
			name = "techSession-1Tests";
			productName = "techSession-1Tests";
			productReference = 38C543391F5A1C5D00216015 /* techSession-1Tests.xctest */;
			productType = "com.apple.product-type.bundle.unit-test";
		};
		38C543431F5A1C5D00216015 /* techSession-1UITests */ = {
			isa = PBXNativeTarget;
			buildConfigurationList = 38C543531F5A1C5D00216015 /* Build configuration list for PBXNativeTarget "techSession-1UITests" */;
			buildPhases = (
				38C543401F5A1C5D00216015 /* Sources */,
				38C543411F5A1C5D00216015 /* Frameworks */,
				38C543421F5A1C5D00216015 /* Resources */,
			);
			buildRules = (
			);
			dependencies = (
				38C543461F5A1C5D00216015 /* PBXTargetDependency */,
			);
			name = "techSession-1UITests";
			productName = "techSession-1UITests";
			productReference = 38C543441F5A1C5D00216015 /* techSession-1UITests.xctest */;
			productType = "com.apple.product-type.bundle.ui-testing";
		};
/* End PBXNativeTarget section */

/* Begin PBXProject section */
		38C5431D1F5A1C5D00216015 /* Project object */ = {
			isa = PBXProject;
			attributes = {
				LastSwiftUpdateCheck = 0800;
				LastUpgradeCheck = 0800;
				ORGANIZATIONNAME = GI;
				TargetAttributes = {
					38C543241F5A1C5D00216015 = {
						CreatedOnToolsVersion = 8.0;
						DevelopmentTeam = C8GGQN2LF3;
						ProvisioningStyle = Automatic;
					};
					38C543381F5A1C5D00216015 = {
						CreatedOnToolsVersion = 8.0;
						DevelopmentTeam = C8GGQN2LF3;
						ProvisioningStyle = Automatic;
						TestTargetID = 38C543241F5A1C5D00216015;
					};
					38C543431F5A1C5D00216015 = {
						CreatedOnToolsVersion = 8.0;
						DevelopmentTeam = C8GGQN2LF3;
						ProvisioningStyle = Automatic;
						TestTargetID = 38C543241F5A1C5D00216015;
					};
				};
			};
			buildConfigurationList = 38C543201F5A1C5D00216015 /* Build configuration list for PBXProject "techSession-1" */;
			compatibilityVersion = "Xcode 3.2";
			developmentRegion = English;
			hasScannedForEncodings = 0;
			knownRegions = (
				en,
				Base,
			);
			mainGroup = 38C5431C1F5A1C5D00216015;
			productRefGroup = 38C543261F5A1C5D00216015 /* Products */;
			projectDirPath = "";
			projectRoot = "";
			targets = (
				38C543241F5A1C5D00216015 /* techSession-1 */,
				38C543381F5A1C5D00216015 /* techSession-1Tests */,
				38C543431F5A1C5D00216015 /* techSession-1UITests */,
			);
		};
/* End PBXProject section */

/* Begin PBXResourcesBuildPhase section */
		38C543231F5A1C5D00216015 /* Resources */ = {
			isa = PBXResourcesBuildPhase;
			buildActionMask = 2147483647;
			files = (
				38C5435D1F5A29A800216015 /* GI2.jpg in Resources */,
				38C543591F5A23B700216015 /* GI GI.jpg in Resources */,
				38C543331F5A1C5D00216015 /* LaunchScreen.storyboard in Resources */,
				38C5435B1F5A29A400216015 /* GI1.jpg in Resources */,
				38C543301F5A1C5D00216015 /* Assets.xcassets in Resources */,
				38C5432E1F5A1C5D00216015 /* Main.storyboard in Resources */,
			);
			runOnlyForDeploymentPostprocessing = 0;
		};
		38C543371F5A1C5D00216015 /* Resources */ = {
			isa = PBXResourcesBuildPhase;
			buildActionMask = 2147483647;
			files = (
			);
			runOnlyForDeploymentPostprocessing = 0;
		};
		38C543421F5A1C5D00216015 /* Resources */ = {
			isa = PBXResourcesBuildPhase;
			buildActionMask = 2147483647;
			files = (
			);
			runOnlyForDeploymentPostprocessing = 0;
		};
/* End PBXResourcesBuildPhase section */

/* Begin PBXSourcesBuildPhase section */
		38C543211F5A1C5D00216015 /* Sources */ = {
			isa = PBXSourcesBuildPhase;
			buildActionMask = 2147483647;
			files = (
				38C5432B1F5A1C5D00216015 /* ViewController.swift in Sources */,
				38C543291F5A1C5D00216015 /* AppDelegate.swift in Sources */,
			);
			runOnlyForDeploymentPostprocessing = 0;
		};
		38C543351F5A1C5D00216015 /* Sources */ = {
			isa = PBXSourcesBuildPhase;
			buildActionMask = 2147483647;
			files = (
				38C5433E1F5A1C5D00216015 /* techSession_1Tests.swift in Sources */,
			);
			runOnlyForDeploymentPostprocessing = 0;
		};
		38C543401F5A1C5D00216015 /* Sources */ = {
			isa = PBXSourcesBuildPhase;
			buildActionMask = 2147483647;
			files = (
				38C543491F5A1C5D00216015 /* techSession_1UITests.swift in Sources */,
			);
			runOnlyForDeploymentPostprocessing = 0;
		};
/* End PBXSourcesBuildPhase section */

/* Begin PBXTargetDependency section */
		38C5433B1F5A1C5D00216015 /* PBXTargetDependency */ = {
			isa = PBXTargetDependency;
			target = 38C543241F5A1C5D00216015 /* techSession-1 */;
			targetProxy = 38C5433A1F5A1C5D00216015 /* PBXContainerItemProxy */;
		};
		38C543461F5A1C5D00216015 /* PBXTargetDependency */ = {
			isa = PBXTargetDependency;
			target = 38C543241F5A1C5D00216015 /* techSession-1 */;
			targetProxy = 38C543451F5A1C5D00216015 /* PBXContainerItemProxy */;
		};
/* End PBXTargetDependency section */

/* Begin PBXVariantGroup section */
		38C5432C1F5A1C5D00216015 /* Main.storyboard */ = {
			isa = PBXVariantGroup;
			children = (
				38C5432D1F5A1C5D00216015 /* Base */,
			);
			name = Main.storyboard;
			sourceTree = "<group>";
		};
		38C543311F5A1C5D00216015 /* LaunchScreen.storyboard */ = {
			isa = PBXVariantGroup;
			children = (
				38C543321F5A1C5D00216015 /* Base */,
			);
			name = LaunchScreen.storyboard;
			sourceTree = "<group>";
		};
/* End PBXVariantGroup section */

/* Begin XCBuildConfiguration section */
		38C5434B1F5A1C5D00216015 /* Debug */ = {
			isa = XCBuildConfiguration;
			buildSettings = {
				ALWAYS_SEARCH_USER_PATHS = NO;
				CLANG_ANALYZER_NONNULL = YES;
				CLANG_CXX_LANGUAGE_STANDARD = "gnu++0x";
				CLANG_CXX_LIBRARY = "libc++";
				CLANG_ENABLE_MODULES = YES;
				CLANG_ENABLE_OBJC_ARC = YES;
				CLANG_WARN_BOOL_CONVERSION = YES;
				CLANG_WARN_CONSTANT_CONVERSION = YES;
				CLANG_WARN_DIRECT_OBJC_ISA_USAGE = YES_ERROR;
				CLANG_WARN_DOCUMENTATION_COMMENTS = YES;
				CLANG_WARN_EMPTY_BODY = YES;
				CLANG_WARN_ENUM_CONVERSION = YES;
				CLANG_WARN_INFINITE_RECURSION = YES;
				CLANG_WARN_INT_CONVERSION = YES;
				CLANG_WARN_OBJC_ROOT_CLASS = YES_ERROR;
				CLANG_WARN_SUSPICIOUS_MOVES = YES;
				CLANG_WARN_UNREACHABLE_CODE = YES;
				CLANG_WARN__DUPLICATE_METHOD_MATCH = YES;
				"CODE_SIGN_IDENTITY[sdk=iphoneos*]" = "iPhone Developer";
				COPY_PHASE_STRIP = NO;
				DEBUG_INFORMATION_FORMAT = dwarf;
				ENABLE_STRICT_OBJC_MSGSEND = YES;
				ENABLE_TESTABILITY = YES;
				GCC_C_LANGUAGE_STANDARD = gnu99;
				GCC_DYNAMIC_NO_PIC = NO;
				GCC_NO_COMMON_BLOCKS = YES;
				GCC_OPTIMIZATION_LEVEL = 0;
				GCC_PREPROCESSOR_DEFINITIONS = (
					"DEBUG=1",
					"$(inherited)",
				);
				GCC_WARN_64_TO_32_BIT_CONVERSION = YES;
				GCC_WARN_ABOUT_RETURN_TYPE = YES_ERROR;
				GCC_WARN_UNDECLARED_SELECTOR = YES;
				GCC_WARN_UNINITIALIZED_AUTOS = YES_AGGRESSIVE;
				GCC_WARN_UNUSED_FUNCTION = YES;
				GCC_WARN_UNUSED_VARIABLE = YES;
				IPHONEOS_DEPLOYMENT_TARGET = 10.0;
				MTL_ENABLE_DEBUG_INFO = YES;
				ONLY_ACTIVE_ARCH = YES;
				SDKROOT = iphoneos;
				SWIFT_ACTIVE_COMPILATION_CONDITIONS = DEBUG;
				SWIFT_OPTIMIZATION_LEVEL = "-Onone";
				TARGETED_DEVICE_FAMILY = "1,2";
			};
			name = Debug;
		};
		38C5434C1F5A1C5D00216015 /* Release */ = {
			isa = XCBuildConfiguration;
			buildSettings = {
				ALWAYS_SEARCH_USER_PATHS = NO;
				CLANG_ANALYZER_NONNULL = YES;
				CLANG_CXX_LANGUAGE_STANDARD = "gnu++0x";
				CLANG_CXX_LIBRARY = "libc++";
				CLANG_ENABLE_MODULES = YES;
				CLANG_ENABLE_OBJC_ARC = YES;
				CLANG_WARN_BOOL_CONVERSION = YES;
				CLANG_WARN_CONSTANT_CONVERSION = YES;
				CLANG_WARN_DIRECT_OBJC_ISA_USAGE = YES_ERROR;
				CLANG_WARN_DOCUMENTATION_COMMENTS = YES;
				CLANG_WARN_EMPTY_BODY = YES;
				CLANG_WARN_ENUM_CONVERSION = YES;
				CLANG_WARN_INFINITE_RECURSION = YES;
				CLANG_WARN_INT_CONVERSION = YES;
				CLANG_WARN_OBJC_ROOT_CLASS = YES_ERROR;
				CLANG_WARN_SUSPICIOUS_MOVES = YES;
				CLANG_WARN_UNREACHABLE_CODE = YES;
				CLANG_WARN__DUPLICATE_METHOD_MATCH = YES;
				"CODE_SIGN_IDENTITY[sdk=iphoneos*]" = "iPhone Developer";
				COPY_PHASE_STRIP = NO;
				DEBUG_INFORMATION_FORMAT = "dwarf-with-dsym";
				ENABLE_NS_ASSERTIONS = NO;
				ENABLE_STRICT_OBJC_MSGSEND = YES;
				GCC_C_LANGUAGE_STANDARD = gnu99;
				GCC_NO_COMMON_BLOCKS = YES;
				GCC_WARN_64_TO_32_BIT_CONVERSION = YES;
				GCC_WARN_ABOUT_RETURN_TYPE = YES_ERROR;
				GCC_WARN_UNDECLARED_SELECTOR = YES;
				GCC_WARN_UNINITIALIZED_AUTOS = YES_AGGRESSIVE;
				GCC_WARN_UNUSED_FUNCTION = YES;
				GCC_WARN_UNUSED_VARIABLE = YES;
				IPHONEOS_DEPLOYMENT_TARGET = 10.0;
				MTL_ENABLE_DEBUG_INFO = NO;
				SDKROOT = iphoneos;
				SWIFT_OPTIMIZATION_LEVEL = "-Owholemodule";
				TARGETED_DEVICE_FAMILY = "1,2";
				VALIDATE_PRODUCT = YES;
			};
			name = Release;
		};
		38C5434E1F5A1C5D00216015 /* Debug */ = {
			isa = XCBuildConfiguration;
			buildSettings = {
				ASSETCATALOG_COMPILER_APPICON_NAME = AppIcon;
				DEVELOPMENT_TEAM = C8GGQN2LF3;
				INFOPLIST_FILE = "techSession-1/Info.plist";
				LD_RUNPATH_SEARCH_PATHS = "$(inherited) @executable_path/Frameworks";
				PRODUCT_BUNDLE_IDENTIFIER = "info.anilrayamajhi.techSession-1";
				PRODUCT_NAME = "$(TARGET_NAME)";
				SWIFT_VERSION = 3.0;
			};
			name = Debug;
		};
		38C5434F1F5A1C5D00216015 /* Release */ = {
			isa = XCBuildConfiguration;
			buildSettings = {
				ASSETCATALOG_COMPILER_APPICON_NAME = AppIcon;
				DEVELOPMENT_TEAM = C8GGQN2LF3;
				INFOPLIST_FILE = "techSession-1/Info.plist";
				LD_RUNPATH_SEARCH_PATHS = "$(inherited) @executable_path/Frameworks";
				PRODUCT_BUNDLE_IDENTIFIER = "info.anilrayamajhi.techSession-1";
				PRODUCT_NAME = "$(TARGET_NAME)";
				SWIFT_VERSION = 3.0;
			};
			name = Release;
		};
		38C543511F5A1C5D00216015 /* Debug */ = {
			isa = XCBuildConfiguration;
			buildSettings = {
				ALWAYS_EMBED_SWIFT_STANDARD_LIBRARIES = YES;
				BUNDLE_LOADER = "$(TEST_HOST)";
				DEVELOPMENT_TEAM = C8GGQN2LF3;
				INFOPLIST_FILE = "techSession-1Tests/Info.plist";
				LD_RUNPATH_SEARCH_PATHS = "$(inherited) @executable_path/Frameworks @loader_path/Frameworks";
				PRODUCT_BUNDLE_IDENTIFIER = "info.anilrayamajhi.techSession-1Tests";
				PRODUCT_NAME = "$(TARGET_NAME)";
				SWIFT_VERSION = 3.0;
				TEST_HOST = "$(BUILT_PRODUCTS_DIR)/techSession-1.app/techSession-1";
			};
			name = Debug;
		};
		38C543521F5A1C5D00216015 /* Release */ = {
			isa = XCBuildConfiguration;
			buildSettings = {
				ALWAYS_EMBED_SWIFT_STANDARD_LIBRARIES = YES;
				BUNDLE_LOADER = "$(TEST_HOST)";
				DEVELOPMENT_TEAM = C8GGQN2LF3;
				INFOPLIST_FILE = "techSession-1Tests/Info.plist";
				LD_RUNPATH_SEARCH_PATHS = "$(inherited) @executable_path/Frameworks @loader_path/Frameworks";
				PRODUCT_BUNDLE_IDENTIFIER = "info.anilrayamajhi.techSession-1Tests";
				PRODUCT_NAME = "$(TARGET_NAME)";
				SWIFT_VERSION = 3.0;
				TEST_HOST = "$(BUILT_PRODUCTS_DIR)/techSession-1.app/techSession-1";
			};
			name = Release;
		};
		38C543541F5A1C5D00216015 /* Debug */ = {
			isa = XCBuildConfiguration;
			buildSettings = {
				ALWAYS_EMBED_SWIFT_STANDARD_LIBRARIES = YES;
				DEVELOPMENT_TEAM = C8GGQN2LF3;
				INFOPLIST_FILE = "techSession-1UITests/Info.plist";
				LD_RUNPATH_SEARCH_PATHS = "$(inherited) @executable_path/Frameworks @loader_path/Frameworks";
				PRODUCT_BUNDLE_IDENTIFIER = "info.anilrayamajhi.techSession-1UITests";
				PRODUCT_NAME = "$(TARGET_NAME)";
				SWIFT_VERSION = 3.0;
				TEST_TARGET_NAME = "techSession-1";
			};
			name = Debug;
		};
		38C543551F5A1C5D00216015 /* Release */ = {
			isa = XCBuildConfiguration;
			buildSettings = {
				ALWAYS_EMBED_SWIFT_STANDARD_LIBRARIES = YES;
				DEVELOPMENT_TEAM = C8GGQN2LF3;
				INFOPLIST_FILE = "techSession-1UITests/Info.plist";
				LD_RUNPATH_SEARCH_PATHS = "$(inherited) @executable_path/Frameworks @loader_path/Frameworks";
				PRODUCT_BUNDLE_IDENTIFIER = "info.anilrayamajhi.techSession-1UITests";
				PRODUCT_NAME = "$(TARGET_NAME)";
				SWIFT_VERSION = 3.0;
				TEST_TARGET_NAME = "techSession-1";
			};
			name = Release;
		};
/* End XCBuildConfiguration section */

/* Begin XCConfigurationList section */
		38C543201F5A1C5D00216015 /* Build configuration list for PBXProject "techSession-1" */ = {
			isa = XCConfigurationList;
			buildConfigurations = (
				38C5434B1F5A1C5D00216015 /* Debug */,
				38C5434C1F5A1C5D00216015 /* Release */,
			);
			defaultConfigurationIsVisible = 0;
			defaultConfigurationName = Release;
		};
		38C5434D1F5A1C5D00216015 /* Build configuration list for PBXNativeTarget "techSession-1" */ = {
			isa = XCConfigurationList;
			buildConfigurations = (
				38C5434E1F5A1C5D00216015 /* Debug */,
				38C5434F1F5A1C5D00216015 /* Release */,
			);
			defaultConfigurationIsVisible = 0;
		};
		38C543501F5A1C5D00216015 /* Build configuration list for PBXNativeTarget "techSession-1Tests" */ = {
			isa = XCConfigurationList;
			buildConfigurations = (
				38C543511F5A1C5D00216015 /* Debug */,
				38C543521F5A1C5D00216015 /* Release */,
			);
			defaultConfigurationIsVisible = 0;
		};
		38C543531F5A1C5D00216015 /* Build configuration list for PBXNativeTarget "techSession-1UITests" */ = {
			isa = XCConfigurationList;
			buildConfigurations = (
				38C543541F5A1C5D00216015 /* Debug */,
				38C543551F5A1C5D00216015 /* Release */,
			);
			defaultConfigurationIsVisible = 0;
		};
/* End XCConfigurationList section */
	};
	rootObject = 38C5431D1F5A1C5D00216015 /* Project object */;
}
